
Microsoft Visual Studio Solution File, Format Version 12.00
# Visual Studio Version 17
VisualStudioVersion = 17.14.36401.2 d17.14
MinimumVisualStudioVersion = 10.0.40219.1
Project("{FAE04EC0-301F-11D3-BF4B-00C04F79EFBC}") = "ExpensesTracker", "ExpensesTracker\ExpensesTracker.csproj", "{5D716E94-29CB-4C26-81A7-B9FB5D72BCB8}"
EndProject
Global
	GlobalSection(SolutionConfigurationPlatforms) = preSolution
		Debug|Any CPU = Debug|Any CPU
		Release|Any CPU = Release|Any CPU
	EndGlobalSection
	GlobalSection(ProjectConfigurationPlatforms) = postSolution
		{5D716E94-29CB-4C26-81A7-B9FB5D72BCB8}.Debug|Any CPU.ActiveCfg = Debug|Any CPU
		{5D716E94-29CB-4C26-81A7-B9FB5D72BCB8}.Debug|Any CPU.Build.0 = Debug|Any CPU
		{5D716E94-29CB-4C26-81A7-B9FB5D72BCB8}.Release|Any CPU.ActiveCfg = Release|Any CPU
		{5D716E94-29CB-4C26-81A7-B9FB5D72BCB8}.Release|Any CPU.Build.0 = Release|Any CPU
	EndGlobalSection
	GlobalSection(SolutionProperties) = preSolution
		HideSolutionNode = FALSE
	EndGlobalSection
	GlobalSection(ExtensibilityGlobals) = postSolution
		SolutionGuid = {8F60861F-6C09-44FF-AC43-9B271845CF4A}
	EndGlobalSection
EndGlobal
